// !$*UTF8*$!
{
	archiveVersion = 1;
	classes = {
	};
	objectVersion = 46;
	objects = {

/* Begin PBXBuildFile section */
		792772531DCD170000600E15 /* main.cpp in Sources */ = {isa = PBXBuildFile; fileRef = 792772521DCD170000600E15 /* main.cpp */; };
		7927725B1DCD17BE00600E15 /* SDL2.framework in Frameworks */ = {isa = PBXBuildFile; fileRef = 7927725A1DCD17BE00600E15 /* SDL2.framework */; };
		7927725E1DCD1A9C00600E15 /* GameSystem.cpp in Sources */ = {isa = PBXBuildFile; fileRef = 7927725C1DCD1A9C00600E15 /* GameSystem.cpp */; };
		7964F4411DCE817000E27C9A /* SDL2_image.framework in Frameworks */ = {isa = PBXBuildFile; fileRef = 7964F4401DCE817000E27C9A /* SDL2_image.framework */; };
/* End PBXBuildFile section */

/* Begin PBXCopyFilesBuildPhase section */
		7927724D1DCD170000600E15 /* CopyFiles */ = {
			isa = PBXCopyFilesBuildPhase;
			buildActionMask = 2147483647;
			dstPath = /usr/share/man/man1/;
			dstSubfolderSpec = 0;
			files = (
			);
			runOnlyForDeploymentPostprocessing = 1;
		};
/* End PBXCopyFilesBuildPhase section */

/* Begin PBXFileReference section */
		7927724F1DCD170000600E15 /* SDL_TEST_2 */ = {isa = PBXFileReference; explicitFileType = "compiled.mach-o.executable"; includeInIndex = 0; path = SDL_TEST_2; sourceTree = BUILT_PRODUCTS_DIR; };
		792772521DCD170000600E15 /* main.cpp */ = {isa = PBXFileReference; lastKnownFileType = sourcecode.cpp.cpp; path = main.cpp; sourceTree = "<group>"; };
		7927725A1DCD17BE00600E15 /* SDL2.framework */ = {isa = PBXFileReference; lastKnownFileType = wrapper.framework; name = SDL2.framework; path = ../../../../../Library/Frameworks/SDL2.framework; sourceTree = "<group>"; };
		7927725C1DCD1A9C00600E15 /* GameSystem.cpp */ = {isa = PBXFileReference; fileEncoding = 4; lastKnownFileType = sourcecode.cpp.cpp; path = GameSystem.cpp; sourceTree = "<group>"; };
		7927725D1DCD1A9C00600E15 /* GameSystem.hpp */ = {isa = PBXFileReference; fileEncoding = 4; lastKnownFileType = sourcecode.cpp.h; path = GameSystem.hpp; sourceTree = "<group>"; };
		7964F43F1DCE032100E27C9A /* enums.h */ = {isa = PBXFileReference; lastKnownFileType = sourcecode.c.h; path = enums.h; sourceTree = "<group>"; };
		7964F4401DCE817000E27C9A /* SDL2_image.framework */ = {isa = PBXFileReference; lastKnownFileType = wrapper.framework; name = SDL2_image.framework; path = ../../../../../Library/Frameworks/SDL2_image.framework; sourceTree = "<group>"; };
/* End PBXFileReference section */

/* Begin PBXFrameworksBuildPhase section */
		7927724C1DCD170000600E15 /* Frameworks */ = {
			isa = PBXFrameworksBuildPhase;
			buildActionMask = 2147483647;
			files = (
				7964F4411DCE817000E27C9A /* SDL2_image.framework in Frameworks */,
				7927725B1DCD17BE00600E15 /* SDL2.framework in Frameworks */,
			);
			runOnlyForDeploymentPostprocessing = 0;
		};
/* End PBXFrameworksBuildPhase section */

/* Begin PBXGroup section */
		792772461DCD170000600E15 = {
			isa = PBXGroup;
			children = (
				792772511DCD170000600E15 /* SDL_TEST_2 */,
				792772501DCD170000600E15 /* Products */,
				792772591DCD17BD00600E15 /* Frameworks */,
			);
			sourceTree = "<group>";
		};
		792772501DCD170000600E15 /* Products */ = {
			isa = PBXGroup;
			children = (
				7927724F1DCD170000600E15 /* SDL_TEST_2 */,
			);
			name = Products;
			sourceTree = "<group>";
		};
		792772511DCD170000600E15 /* SDL_TEST_2 */ = {
			isa = PBXGroup;
			children = (
				792772521DCD170000600E15 /* main.cpp */,
				7964F43F1DCE032100E27C9A /* enums.h */,
				7927725C1DCD1A9C00600E15 /* GameSystem.cpp */,
				7927725D1DCD1A9C00600E15 /* GameSystem.hpp */,
			);
			path = SDL_TEST_2;
			sourceTree = "<group>";
		};
		792772591DCD17BD00600E15 /* Frameworks */ = {
			isa = PBXGroup;
			children = (
				7964F4401DCE817000E27C9A /* SDL2_image.framework */,
				7927725A1DCD17BE00600E15 /* SDL2.framework */,
			);
			name = Frameworks;
			sourceTree = "<group>";
		};
/* End PBXGroup section */

/* Begin PBXNativeTarget section */
		7927724E1DCD170000600E15 /* SDL_TEST_2 */ = {
			isa = PBXNativeTarget;
			buildConfigurationList = 792772561DCD170000600E15 /* Build configuration list for PBXNativeTarget "SDL_TEST_2" */;
			buildPhases = (
				7927724B1DCD170000600E15 /* Sources */,
				7927724C1DCD170000600E15 /* Frameworks */,
				7927724D1DCD170000600E15 /* CopyFiles */,
			);
			buildRules = (
			);
			dependencies = (
			);
			name = SDL_TEST_2;
			productName = SDL_TEST_2;
			productReference = 7927724F1DCD170000600E15 /* SDL_TEST_2 */;
			productType = "com.apple.product-type.tool";
		};
/* End PBXNativeTarget section */

/* Begin PBXProject section */
		792772471DCD170000600E15 /* Project object */ = {
			isa = PBXProject;
			attributes = {
				LastUpgradeCheck = 0810;
				ORGANIZATIONNAME = Lynch;
				TargetAttributes = {
					7927724E1DCD170000600E15 = {
						CreatedOnToolsVersion = 8.1;
						ProvisioningStyle = Automatic;
					};
				};
			};
			buildConfigurationList = 7927724A1DCD170000600E15 /* Build configuration list for PBXProject "SDL_TEST_2" */;
			compatibilityVersion = "Xcode 3.2";
			developmentRegion = English;
			hasScannedForEncodings = 0;
			knownRegions = (
				en,
			);
			mainGroup = 792772461DCD170000600E15;
			productRefGroup = 792772501DCD170000600E15 /* Products */;
			projectDirPath = "";
			projectRoot = "";
			targets = (
				7927724E1DCD170000600E15 /* SDL_TEST_2 */,
			);
		};
/* End PBXProject section */

/* Begin PBXSourcesBuildPhase section */
		7927724B1DCD170000600E15 /* Sources */ = {
			isa = PBXSourcesBuildPhase;
			buildActionMask = 2147483647;
			files = (
				7927725E1DCD1A9C00600E15 /* GameSystem.cpp in Sources */,
				792772531DCD170000600E15 /* main.cpp in Sources */,
			);
			runOnlyForDeploymentPostprocessing = 0;
		};
/* End PBXSourcesBuildPhase section */

/* Begin XCBuildConfiguration section */
		792772541DCD170000600E15 /* Debug */ = {
			isa = XCBuildConfiguration;
			buildSettings = {
				ALWAYS_SEARCH_USER_PATHS = NO;
				CLANG_ANALYZER_NONNULL = YES;
				CLANG_CXX_LANGUAGE_STANDARD = "gnu++0x";
				CLANG_CXX_LIBRARY = "libc++";
				CLANG_ENABLE_MODULES = YES;
				CLANG_ENABLE_OBJC_ARC = YES;
				CLANG_WARN_BOOL_CONVERSION = YES;
				CLANG_WARN_CONSTANT_CONVERSION = YES;
				CLANG_WARN_DIRECT_OBJC_ISA_USAGE = YES_ERROR;
				CLANG_WARN_DOCUMENTATION_COMMENTS = YES;
				CLANG_WARN_EMPTY_BODY = YES;
				CLANG_WARN_ENUM_CONVERSION = YES;
				CLANG_WARN_INFINITE_RECURSION = YES;
				CLANG_WARN_INT_CONVERSION = YES;
				CLANG_WARN_OBJC_ROOT_CLASS = YES_ERROR;
				CLANG_WARN_SUSPICIOUS_MOVES = YES;
				CLANG_WARN_UNREACHABLE_CODE = YES;
				CLANG_WARN__DUPLICATE_METHOD_MATCH = YES;
				CODE_SIGN_IDENTITY = "-";
				COPY_PHASE_STRIP = NO;
				DEBUG_INFORMATION_FORMAT = dwarf;
				ENABLE_STRICT_OBJC_MSGSEND = YES;
				ENABLE_TESTABILITY = YES;
				GCC_C_LANGUAGE_STANDARD = gnu99;
				GCC_DYNAMIC_NO_PIC = NO;
				GCC_NO_COMMON_BLOCKS = YES;
				GCC_OPTIMIZATION_LEVEL = 0;
				GCC_PREPROCESSOR_DEFINITIONS = (
					"DEBUG=1",
					"$(inherited)",
				);
				GCC_WARN_64_TO_32_BIT_CONVERSION = YES;
				GCC_WARN_ABOUT_RETURN_TYPE = YES_ERROR;
				GCC_WARN_UNDECLARED_SELECTOR = YES;
				GCC_WARN_UNINITIALIZED_AUTOS = YES_AGGRESSIVE;
				GCC_WARN_UNUSED_FUNCTION = YES;
				GCC_WARN_UNUSED_VARIABLE = YES;
				MACOSX_DEPLOYMENT_TARGET = 10.12;
				MTL_ENABLE_DEBUG_INFO = YES;
				ONLY_ACTIVE_ARCH = YES;
				SDKROOT = macosx;
			};
			name = Debug;
		};
		792772551DCD170000600E15 /* Release */ = {
			isa = XCBuildConfiguration;
			buildSettings = {
				ALWAYS_SEARCH_USER_PATHS = NO;
				CLANG_ANALYZER_NONNULL = YES;
				CLANG_CXX_LANGUAGE_STANDARD = "gnu++0x";
				CLANG_CXX_LIBRARY = "libc++";
				CLANG_ENABLE_MODULES = YES;
				CLANG_ENABLE_OBJC_ARC = YES;
				CLANG_WARN_BOOL_CONVERSION = YES;
				CLANG_WARN_CONSTANT_CONVERSION = YES;
				CLANG_WARN_DIRECT_OBJC_ISA_USAGE = YES_ERROR;
				CLANG_WARN_DOCUMENTATION_COMMENTS = YES;
				CLANG_WARN_EMPTY_BODY = YES;
				CLANG_WARN_ENUM_CONVERSION = YES;
				CLANG_WARN_INFINITE_RECURSION = YES;
				CLANG_WARN_INT_CONVERSION = YES;
				CLANG_WARN_OBJC_ROOT_CLASS = YES_ERROR;
				CLANG_WARN_SUSPICIOUS_MOVES = YES;
				CLANG_WARN_UNREACHABLE_CODE = YES;
				CLANG_WARN__DUPLICATE_METHOD_MATCH = YES;
				CODE_SIGN_IDENTITY = "-";
				COPY_PHASE_STRIP = NO;
				DEBUG_INFORMATION_FORMAT = "dwarf-with-dsym";
				ENABLE_NS_ASSERTIONS = NO;
				ENABLE_STRICT_OBJC_MSGSEND = YES;
				GCC_C_LANGUAGE_STANDARD = gnu99;
				GCC_NO_COMMON_BLOCKS = YES;
				GCC_WARN_64_TO_32_BIT_CONVERSION = YES;
				GCC_WARN_ABOUT_RETURN_TYPE = YES_ERROR;
				GCC_WARN_UNDECLARED_SELECTOR = YES;
				GCC_WARN_UNINITIALIZED_AUTOS = YES_AGGRESSIVE;
				GCC_WARN_UNUSED_FUNCTION = YES;
				GCC_WARN_UNUSED_VARIABLE = YES;
				MACOSX_DEPLOYMENT_TARGET = 10.12;
				MTL_ENABLE_DEBUG_INFO = NO;
				SDKROOT = macosx;
			};
			name = Release;
		};
		792772571DCD170000600E15 /* Debug */ = {
			isa = XCBuildConfiguration;
			buildSettings = {
				FRAMEWORK_SEARCH_PATHS = (
					"$(inherited)",
					"$(LOCAL_LIBRARY_DIR)/Frameworks",
				);
				PRODUCT_NAME = "$(TARGET_NAME)";
			};
			name = Debug;
		};
		792772581DCD170000600E15 /* Release */ = {
			isa = XCBuildConfiguration;
			buildSettings = {
				FRAMEWORK_SEARCH_PATHS = (
					"$(inherited)",
					"$(LOCAL_LIBRARY_DIR)/Frameworks",
				);
				PRODUCT_NAME = "$(TARGET_NAME)";
			};
			name = Release;
		};
/* End XCBuildConfiguration section */

/* Begin XCConfigurationList section */
		7927724A1DCD170000600E15 /* Build configuration list for PBXProject "SDL_TEST_2" */ = {
			isa = XCConfigurationList;
			buildConfigurations = (
				792772541DCD170000600E15 /* Debug */,
				792772551DCD170000600E15 /* Release */,
			);
			defaultConfigurationIsVisible = 0;
			defaultConfigurationName = Release;
		};
		792772561DCD170000600E15 /* Build configuration list for PBXNativeTarget "SDL_TEST_2" */ = {
			isa = XCConfigurationList;
			buildConfigurations = (
				792772571DCD170000600E15 /* Debug */,
				792772581DCD170000600E15 /* Release */,
			);
			defaultConfigurationIsVisible = 0;
			defaultConfigurationName = Release;
		};
/* End XCConfigurationList section */
	};
	rootObject = 792772471DCD170000600E15 /* Project object */;
}
